
Microsoft Visual Studio Solution File, Format Version 12.00
# Visual Studio 15
Project("{FAE04EC0-301F-11D3-BF4B-00C04F79EFBC}") = "TopDownTowerDefence", "TopDownTowerDefence.csproj", "{9C6B3DE3-670A-6ED8-93B0-0D9CDE5D5FAC}"
EndProject
Global
	GlobalSection(SolutionConfigurationPlatforms) = preSolution
		Debug|Any CPU = Debug|Any CPU
		Release|Any CPU = Release|Any CPU
	EndGlobalSection
	GlobalSection(ProjectConfigurationPlatforms) = postSolution
		{9C6B3DE3-670A-6ED8-93B0-0D9CDE5D5FAC}.Debug|Any CPU.ActiveCfg = Debug|Any CPU
		{9C6B3DE3-670A-6ED8-93B0-0D9CDE5D5FAC}.Debug|Any CPU.Build.0 = Debug|Any CPU
		{9C6B3DE3-670A-6ED8-93B0-0D9CDE5D5FAC}.Release|Any CPU.ActiveCfg = Release|Any CPU
		{9C6B3DE3-670A-6ED8-93B0-0D9CDE5D5FAC}.Release|Any CPU.Build.0 = Release|Any CPU
	EndGlobalSection
	GlobalSection(SolutionProperties) = preSolution
		HideSolutionNode = FALSE
	EndGlobalSection
EndGlobal
